// !$*UTF8*$!
{
	archiveVersion = 1;
	classes = {
	};
	objectVersion = 56;
	objects = {

/* Begin PBXBuildFile section */
		0A3C081899CB3B7E72BEA2C3 /* Pods_ToDoList_ToDoListUITests.framework in Frameworks */ = {isa = PBXBuildFile; fileRef = CA918065920D20CC1585B982 /* Pods_ToDoList_ToDoListUITests.framework */; };
		3911D2742A5D4CCE0037B1F2 /* SwipeViewController.swift in Sources */ = {isa = PBXBuildFile; fileRef = 3911D2732A5D4CCE0037B1F2 /* SwipeViewController.swift */; };
		3992D9F02A4934DB00D8BE5C /* CategoryViewController.swift in Sources */ = {isa = PBXBuildFile; fileRef = 3992D9EF2A4934DB00D8BE5C /* CategoryViewController.swift */; };
		39D09CA42A3704AE0068A747 /* AppDelegate.swift in Sources */ = {isa = PBXBuildFile; fileRef = 39D09CA32A3704AE0068A747 /* AppDelegate.swift */; };
		39D09CA62A3704AE0068A747 /* SceneDelegate.swift in Sources */ = {isa = PBXBuildFile; fileRef = 39D09CA52A3704AE0068A747 /* SceneDelegate.swift */; };
		39D09CA82A3704AE0068A747 /* ListViewController.swift in Sources */ = {isa = PBXBuildFile; fileRef = 39D09CA72A3704AE0068A747 /* ListViewController.swift */; };
		39D09CAB2A3704AE0068A747 /* Main.storyboard in Resources */ = {isa = PBXBuildFile; fileRef = 39D09CA92A3704AE0068A747 /* Main.storyboard */; };
		39D09CAD2A3704B00068A747 /* Assets.xcassets in Resources */ = {isa = PBXBuildFile; fileRef = 39D09CAC2A3704B00068A747 /* Assets.xcassets */; };
		39D09CB02A3704B00068A747 /* LaunchScreen.storyboard in Resources */ = {isa = PBXBuildFile; fileRef = 39D09CAE2A3704B00068A747 /* LaunchScreen.storyboard */; };
		39D09CBB2A3704B00068A747 /* ToDoListTests.swift in Sources */ = {isa = PBXBuildFile; fileRef = 39D09CBA2A3704B00068A747 /* ToDoListTests.swift */; };
		39D09CC52A3704B00068A747 /* ToDoListUITests.swift in Sources */ = {isa = PBXBuildFile; fileRef = 39D09CC42A3704B00068A747 /* ToDoListUITests.swift */; };
		39D09CC72A3704B00068A747 /* ToDoListUITestsLaunchTests.swift in Sources */ = {isa = PBXBuildFile; fileRef = 39D09CC62A3704B00068A747 /* ToDoListUITestsLaunchTests.swift */; };
		39E354072A57FD1400DC8879 /* Category .swift in Sources */ = {isa = PBXBuildFile; fileRef = 39E354062A57FD1400DC8879 /* Category .swift */; };
		39E354092A57FD8F00DC8879 /* UserList.swift in Sources */ = {isa = PBXBuildFile; fileRef = 39E354082A57FD8F00DC8879 /* UserList.swift */; };
		BA66F9BFC3C8AAFF89CCD67C /* Pods_ToDoList.framework in Frameworks */ = {isa = PBXBuildFile; fileRef = E7CDBC3491F9BEC7F0DDB83C /* Pods_ToDoList.framework */; };
		CF12A839FB71C6E226A962A6 /* Pods_ToDoListTests.framework in Frameworks */ = {isa = PBXBuildFile; fileRef = 0BEBAF7B9D9B89D39339AA9A /* Pods_ToDoListTests.framework */; };
/* End PBXBuildFile section */

/* Begin PBXContainerItemProxy section */
		39D09CB72A3704B00068A747 /* PBXContainerItemProxy */ = {
			isa = PBXContainerItemProxy;
			containerPortal = 39D09C982A3704AE0068A747 /* Project object */;
			proxyType = 1;
			remoteGlobalIDString = 39D09C9F2A3704AE0068A747;
			remoteInfo = ToDoList;
		};
		39D09CC12A3704B00068A747 /* PBXContainerItemProxy */ = {
			isa = PBXContainerItemProxy;
			containerPortal = 39D09C982A3704AE0068A747 /* Project object */;
			proxyType = 1;
			remoteGlobalIDString = 39D09C9F2A3704AE0068A747;
			remoteInfo = ToDoList;
		};
/* End PBXContainerItemProxy section */

/* Begin PBXFileReference section */
		0BEBAF7B9D9B89D39339AA9A /* Pods_ToDoListTests.framework */ = {isa = PBXFileReference; explicitFileType = wrapper.framework; includeInIndex = 0; path = Pods_ToDoListTests.framework; sourceTree = BUILT_PRODUCTS_DIR; };
		0ED18214B133025235BDF76F /* Pods-ToDoList-ToDoListUITests.release.xcconfig */ = {isa = PBXFileReference; includeInIndex = 1; lastKnownFileType = text.xcconfig; name = "Pods-ToDoList-ToDoListUITests.release.xcconfig"; path = "Target Support Files/Pods-ToDoList-ToDoListUITests/Pods-ToDoList-ToDoListUITests.release.xcconfig"; sourceTree = "<group>"; };
		1AA7F18F7BC40340A7A6B617 /* Pods-ToDoList.release.xcconfig */ = {isa = PBXFileReference; includeInIndex = 1; lastKnownFileType = text.xcconfig; name = "Pods-ToDoList.release.xcconfig"; path = "Target Support Files/Pods-ToDoList/Pods-ToDoList.release.xcconfig"; sourceTree = "<group>"; };
		3911D2732A5D4CCE0037B1F2 /* SwipeViewController.swift */ = {isa = PBXFileReference; lastKnownFileType = sourcecode.swift; path = SwipeViewController.swift; sourceTree = "<group>"; };
		3992D9EF2A4934DB00D8BE5C /* CategoryViewController.swift */ = {isa = PBXFileReference; lastKnownFileType = sourcecode.swift; path = CategoryViewController.swift; sourceTree = "<group>"; };
		39D09CA02A3704AE0068A747 /* ToDoList.app */ = {isa = PBXFileReference; explicitFileType = wrapper.application; includeInIndex = 0; path = ToDoList.app; sourceTree = BUILT_PRODUCTS_DIR; };
		39D09CA32A3704AE0068A747 /* AppDelegate.swift */ = {isa = PBXFileReference; lastKnownFileType = sourcecode.swift; path = AppDelegate.swift; sourceTree = "<group>"; };
		39D09CA52A3704AE0068A747 /* SceneDelegate.swift */ = {isa = PBXFileReference; lastKnownFileType = sourcecode.swift; path = SceneDelegate.swift; sourceTree = "<group>"; };
		39D09CA72A3704AE0068A747 /* ListViewController.swift */ = {isa = PBXFileReference; lastKnownFileType = sourcecode.swift; path = ListViewController.swift; sourceTree = "<group>"; };
		39D09CAA2A3704AE0068A747 /* Base */ = {isa = PBXFileReference; lastKnownFileType = file.storyboard; name = Base; path = Base.lproj/Main.storyboard; sourceTree = "<group>"; };
		39D09CAC2A3704B00068A747 /* Assets.xcassets */ = {isa = PBXFileReference; lastKnownFileType = folder.assetcatalog; path = Assets.xcassets; sourceTree = "<group>"; };
		39D09CAF2A3704B00068A747 /* Base */ = {isa = PBXFileReference; lastKnownFileType = file.storyboard; name = Base; path = Base.lproj/LaunchScreen.storyboard; sourceTree = "<group>"; };
		39D09CB12A3704B00068A747 /* Info.plist */ = {isa = PBXFileReference; lastKnownFileType = text.plist.xml; path = Info.plist; sourceTree = "<group>"; };
		39D09CB62A3704B00068A747 /* ToDoListTests.xctest */ = {isa = PBXFileReference; explicitFileType = wrapper.cfbundle; includeInIndex = 0; path = ToDoListTests.xctest; sourceTree = BUILT_PRODUCTS_DIR; };
		39D09CBA2A3704B00068A747 /* ToDoListTests.swift */ = {isa = PBXFileReference; lastKnownFileType = sourcecode.swift; path = ToDoListTests.swift; sourceTree = "<group>"; };
		39D09CC02A3704B00068A747 /* ToDoListUITests.xctest */ = {isa = PBXFileReference; explicitFileType = wrapper.cfbundle; includeInIndex = 0; path = ToDoListUITests.xctest; sourceTree = BUILT_PRODUCTS_DIR; };
		39D09CC42A3704B00068A747 /* ToDoListUITests.swift */ = {isa = PBXFileReference; lastKnownFileType = sourcecode.swift; path = ToDoListUITests.swift; sourceTree = "<group>"; };
		39D09CC62A3704B00068A747 /* ToDoListUITestsLaunchTests.swift */ = {isa = PBXFileReference; lastKnownFileType = sourcecode.swift; path = ToDoListUITestsLaunchTests.swift; sourceTree = "<group>"; };
		39E354062A57FD1400DC8879 /* Category .swift */ = {isa = PBXFileReference; lastKnownFileType = sourcecode.swift; path = "Category .swift"; sourceTree = "<group>"; };
		39E354082A57FD8F00DC8879 /* UserList.swift */ = {isa = PBXFileReference; lastKnownFileType = sourcecode.swift; path = UserList.swift; sourceTree = "<group>"; };
		81698AF3E5D36B03A08673E8 /* Pods-ToDoListTests.debug.xcconfig */ = {isa = PBXFileReference; includeInIndex = 1; lastKnownFileType = text.xcconfig; name = "Pods-ToDoListTests.debug.xcconfig"; path = "Target Support Files/Pods-ToDoListTests/Pods-ToDoListTests.debug.xcconfig"; sourceTree = "<group>"; };
		B815304057C7F12D9FFFAB2B /* Pods-ToDoListTests.release.xcconfig */ = {isa = PBXFileReference; includeInIndex = 1; lastKnownFileType = text.xcconfig; name = "Pods-ToDoListTests.release.xcconfig"; path = "Target Support Files/Pods-ToDoListTests/Pods-ToDoListTests.release.xcconfig"; sourceTree = "<group>"; };
		BBFBAC30D705C091E31F3945 /* Pods-ToDoList.debug.xcconfig */ = {isa = PBXFileReference; includeInIndex = 1; lastKnownFileType = text.xcconfig; name = "Pods-ToDoList.debug.xcconfig"; path = "Target Support Files/Pods-ToDoList/Pods-ToDoList.debug.xcconfig"; sourceTree = "<group>"; };
		CA918065920D20CC1585B982 /* Pods_ToDoList_ToDoListUITests.framework */ = {isa = PBXFileReference; explicitFileType = wrapper.framework; includeInIndex = 0; path = Pods_ToDoList_ToDoListUITests.framework; sourceTree = BUILT_PRODUCTS_DIR; };
		E7CDBC3491F9BEC7F0DDB83C /* Pods_ToDoList.framework */ = {isa = PBXFileReference; explicitFileType = wrapper.framework; includeInIndex = 0; path = Pods_ToDoList.framework; sourceTree = BUILT_PRODUCTS_DIR; };
		FA72B4E9D5C9B84E9CA36386 /* Pods-ToDoList-ToDoListUITests.debug.xcconfig */ = {isa = PBXFileReference; includeInIndex = 1; lastKnownFileType = text.xcconfig; name = "Pods-ToDoList-ToDoListUITests.debug.xcconfig"; path = "Target Support Files/Pods-ToDoList-ToDoListUITests/Pods-ToDoList-ToDoListUITests.debug.xcconfig"; sourceTree = "<group>"; };
/* End PBXFileReference section */

/* Begin PBXFrameworksBuildPhase section */
		39D09C9D2A3704AE0068A747 /* Frameworks */ = {
			isa = PBXFrameworksBuildPhase;
			buildActionMask = 2147483647;
			files = (
				BA66F9BFC3C8AAFF89CCD67C /* Pods_ToDoList.framework in Frameworks */,
			);
			runOnlyForDeploymentPostprocessing = 0;
		};
		39D09CB32A3704B00068A747 /* Frameworks */ = {
			isa = PBXFrameworksBuildPhase;
			buildActionMask = 2147483647;
			files = (
				CF12A839FB71C6E226A962A6 /* Pods_ToDoListTests.framework in Frameworks */,
			);
			runOnlyForDeploymentPostprocessing = 0;
		};
		39D09CBD2A3704B00068A747 /* Frameworks */ = {
			isa = PBXFrameworksBuildPhase;
			buildActionMask = 2147483647;
			files = (
				0A3C081899CB3B7E72BEA2C3 /* Pods_ToDoList_ToDoListUITests.framework in Frameworks */,
			);
			runOnlyForDeploymentPostprocessing = 0;
		};
/* End PBXFrameworksBuildPhase section */

/* Begin PBXGroup section */
		20E15FD9BF3DD5E964C17824 /* Pods */ = {
			isa = PBXGroup;
			children = (
				BBFBAC30D705C091E31F3945 /* Pods-ToDoList.debug.xcconfig */,
				1AA7F18F7BC40340A7A6B617 /* Pods-ToDoList.release.xcconfig */,
				FA72B4E9D5C9B84E9CA36386 /* Pods-ToDoList-ToDoListUITests.debug.xcconfig */,
				0ED18214B133025235BDF76F /* Pods-ToDoList-ToDoListUITests.release.xcconfig */,
				81698AF3E5D36B03A08673E8 /* Pods-ToDoListTests.debug.xcconfig */,
				B815304057C7F12D9FFFAB2B /* Pods-ToDoListTests.release.xcconfig */,
			);
			path = Pods;
			sourceTree = "<group>";
		};
		396EB2672A429C4200F058E3 /* View */ = {
			isa = PBXGroup;
			children = (
				39D09CAE2A3704B00068A747 /* LaunchScreen.storyboard */,
				39D09CA92A3704AE0068A747 /* Main.storyboard */,
				39D09CA72A3704AE0068A747 /* ListViewController.swift */,
				3992D9EF2A4934DB00D8BE5C /* CategoryViewController.swift */,
				3911D2732A5D4CCE0037B1F2 /* SwipeViewController.swift */,
			);
			path = View;
			sourceTree = "<group>";
		};
		396EB2682A429C5E00F058E3 /* Helper */ = {
			isa = PBXGroup;
			children = (
				39D09CAC2A3704B00068A747 /* Assets.xcassets */,
			);
			path = Helper;
			sourceTree = "<group>";
		};
		39839B432A385FE3000C7EF3 /* Models */ = {
			isa = PBXGroup;
			children = (
				39E354062A57FD1400DC8879 /* Category .swift */,
				39E354082A57FD8F00DC8879 /* UserList.swift */,
			);
			path = Models;
			sourceTree = "<group>";
		};
		39D09C972A3704AE0068A747 = {
			isa = PBXGroup;
			children = (
				39D09CA22A3704AE0068A747 /* ToDoList */,
				39D09CB92A3704B00068A747 /* ToDoListTests */,
				39D09CC32A3704B00068A747 /* ToDoListUITests */,
				39D09CA12A3704AE0068A747 /* Products */,
				20E15FD9BF3DD5E964C17824 /* Pods */,
				77479FF1A35BC05277E001B9 /* Frameworks */,
			);
			sourceTree = "<group>";
		};
		39D09CA12A3704AE0068A747 /* Products */ = {
			isa = PBXGroup;
			children = (
				39D09CA02A3704AE0068A747 /* ToDoList.app */,
				39D09CB62A3704B00068A747 /* ToDoListTests.xctest */,
				39D09CC02A3704B00068A747 /* ToDoListUITests.xctest */,
			);
			name = Products;
			sourceTree = "<group>";
		};
		39D09CA22A3704AE0068A747 /* ToDoList */ = {
			isa = PBXGroup;
			children = (
				39D09CA32A3704AE0068A747 /* AppDelegate.swift */,
				39D09CA52A3704AE0068A747 /* SceneDelegate.swift */,
				396EB2672A429C4200F058E3 /* View */,
				39839B432A385FE3000C7EF3 /* Models */,
				396EB2682A429C5E00F058E3 /* Helper */,
				39D09CB12A3704B00068A747 /* Info.plist */,
			);
			path = ToDoList;
			sourceTree = "<group>";
		};
		39D09CB92A3704B00068A747 /* ToDoListTests */ = {
			isa = PBXGroup;
			children = (
				39D09CBA2A3704B00068A747 /* ToDoListTests.swift */,
			);
			path = ToDoListTests;
			sourceTree = "<group>";
		};
		39D09CC32A3704B00068A747 /* ToDoListUITests */ = {
			isa = PBXGroup;
			children = (
				39D09CC42A3704B00068A747 /* ToDoListUITests.swift */,
				39D09CC62A3704B00068A747 /* ToDoListUITestsLaunchTests.swift */,
			);
			path = ToDoListUITests;
			sourceTree = "<group>";
		};
		77479FF1A35BC05277E001B9 /* Frameworks */ = {
			isa = PBXGroup;
			children = (
				E7CDBC3491F9BEC7F0DDB83C /* Pods_ToDoList.framework */,
				CA918065920D20CC1585B982 /* Pods_ToDoList_ToDoListUITests.framework */,
				0BEBAF7B9D9B89D39339AA9A /* Pods_ToDoListTests.framework */,
			);
			name = Frameworks;
			sourceTree = "<group>";
		};
/* End PBXGroup section */

/* Begin PBXNativeTarget section */
		39D09C9F2A3704AE0068A747 /* ToDoList */ = {
			isa = PBXNativeTarget;
			buildConfigurationList = 39D09CCA2A3704B00068A747 /* Build configuration list for PBXNativeTarget "ToDoList" */;
			buildPhases = (
				3EDA3D92CC321AC4B5C3AE90 /* [CP] Check Pods Manifest.lock */,
				39D09C9C2A3704AE0068A747 /* Sources */,
				39D09C9D2A3704AE0068A747 /* Frameworks */,
				39D09C9E2A3704AE0068A747 /* Resources */,
				E12B725A531FE8DBA133C2D9 /* [CP] Embed Pods Frameworks */,
			);
			buildRules = (
			);
			dependencies = (
			);
			name = ToDoList;
			productName = ToDoList;
			productReference = 39D09CA02A3704AE0068A747 /* ToDoList.app */;
			productType = "com.apple.product-type.application";
		};
		39D09CB52A3704B00068A747 /* ToDoListTests */ = {
			isa = PBXNativeTarget;
			buildConfigurationList = 39D09CCD2A3704B00068A747 /* Build configuration list for PBXNativeTarget "ToDoListTests" */;
			buildPhases = (
				3AE5F3B03E1A33DB97350333 /* [CP] Check Pods Manifest.lock */,
				39D09CB22A3704B00068A747 /* Sources */,
				39D09CB32A3704B00068A747 /* Frameworks */,
				39D09CB42A3704B00068A747 /* Resources */,
			);
			buildRules = (
			);
			dependencies = (
				39D09CB82A3704B00068A747 /* PBXTargetDependency */,
			);
			name = ToDoListTests;
			productName = ToDoListTests;
			productReference = 39D09CB62A3704B00068A747 /* ToDoListTests.xctest */;
			productType = "com.apple.product-type.bundle.unit-test";
		};
		39D09CBF2A3704B00068A747 /* ToDoListUITests */ = {
			isa = PBXNativeTarget;
			buildConfigurationList = 39D09CD02A3704B00068A747 /* Build configuration list for PBXNativeTarget "ToDoListUITests" */;
			buildPhases = (
				1C63083E9359F2ADA573AB2E /* [CP] Check Pods Manifest.lock */,
				39D09CBC2A3704B00068A747 /* Sources */,
				39D09CBD2A3704B00068A747 /* Frameworks */,
				39D09CBE2A3704B00068A747 /* Resources */,
				A9EA099596AD87FD06E8A275 /* [CP] Embed Pods Frameworks */,
			);
			buildRules = (
			);
			dependencies = (
				39D09CC22A3704B00068A747 /* PBXTargetDependency */,
			);
			name = ToDoListUITests;
			productName = ToDoListUITests;
			productReference = 39D09CC02A3704B00068A747 /* ToDoListUITests.xctest */;
			productType = "com.apple.product-type.bundle.ui-testing";
		};
/* End PBXNativeTarget section */

/* Begin PBXProject section */
		39D09C982A3704AE0068A747 /* Project object */ = {
			isa = PBXProject;
			attributes = {
				BuildIndependentTargetsInParallel = 1;
				LastSwiftUpdateCheck = 1430;
				LastUpgradeCheck = 1430;
				TargetAttributes = {
					39D09C9F2A3704AE0068A747 = {
						CreatedOnToolsVersion = 14.3.1;
					};
					39D09CB52A3704B00068A747 = {
						CreatedOnToolsVersion = 14.3.1;
						TestTargetID = 39D09C9F2A3704AE0068A747;
					};
					39D09CBF2A3704B00068A747 = {
						CreatedOnToolsVersion = 14.3.1;
						TestTargetID = 39D09C9F2A3704AE0068A747;
					};
				};
			};
			buildConfigurationList = 39D09C9B2A3704AE0068A747 /* Build configuration list for PBXProject "ToDoList" */;
			compatibilityVersion = "Xcode 14.0";
			developmentRegion = en;
			hasScannedForEncodings = 0;
			knownRegions = (
				en,
				Base,
			);
			mainGroup = 39D09C972A3704AE0068A747;
			productRefGroup = 39D09CA12A3704AE0068A747 /* Products */;
			projectDirPath = "";
			projectRoot = "";
			targets = (
				39D09C9F2A3704AE0068A747 /* ToDoList */,
				39D09CB52A3704B00068A747 /* ToDoListTests */,
				39D09CBF2A3704B00068A747 /* ToDoListUITests */,
			);
		};
/* End PBXProject section */

/* Begin PBXResourcesBuildPhase section */
		39D09C9E2A3704AE0068A747 /* Resources */ = {
			isa = PBXResourcesBuildPhase;
			buildActionMask = 2147483647;
			files = (
				39D09CB02A3704B00068A747 /* LaunchScreen.storyboard in Resources */,
				39D09CAD2A3704B00068A747 /* Assets.xcassets in Resources */,
				39D09CAB2A3704AE0068A747 /* Main.storyboard in Resources */,
			);
			runOnlyForDeploymentPostprocessing = 0;
		};
		39D09CB42A3704B00068A747 /* Resources */ = {
			isa = PBXResourcesBuildPhase;
			buildActionMask = 2147483647;
			files = (
			);
			runOnlyForDeploymentPostprocessing = 0;
		};
		39D09CBE2A3704B00068A747 /* Resources */ = {
			isa = PBXResourcesBuildPhase;
			buildActionMask = 2147483647;
			files = (
			);
			runOnlyForDeploymentPostprocessing = 0;
		};
/* End PBXResourcesBuildPhase section */

/* Begin PBXShellScriptBuildPhase section */
		1C63083E9359F2ADA573AB2E /* [CP] Check Pods Manifest.lock */ = {
			isa = PBXShellScriptBuildPhase;
			buildActionMask = 2147483647;
			files = (
			);
			inputFileListPaths = (
			);
			inputPaths = (
				"${PODS_PODFILE_DIR_PATH}/Podfile.lock",
				"${PODS_ROOT}/Manifest.lock",
			);
			name = "[CP] Check Pods Manifest.lock";
			outputFileListPaths = (
			);
			outputPaths = (
				"$(DERIVED_FILE_DIR)/Pods-ToDoList-ToDoListUITests-checkManifestLockResult.txt",
			);
			runOnlyForDeploymentPostprocessing = 0;
			shellPath = /bin/sh;
			shellScript = "diff \"${PODS_PODFILE_DIR_PATH}/Podfile.lock\" \"${PODS_ROOT}/Manifest.lock\" > /dev/null\nif [ $? != 0 ] ; then\n    # print error to STDERR\n    echo \"error: The sandbox is not in sync with the Podfile.lock. Run 'pod install' or update your CocoaPods installation.\" >&2\n    exit 1\nfi\n# This output is used by Xcode 'outputs' to avoid re-running this script phase.\necho \"SUCCESS\" > \"${SCRIPT_OUTPUT_FILE_0}\"\n";
			showEnvVarsInLog = 0;
		};
		3AE5F3B03E1A33DB97350333 /* [CP] Check Pods Manifest.lock */ = {
			isa = PBXShellScriptBuildPhase;
			buildActionMask = 2147483647;
			files = (
			);
			inputFileListPaths = (
			);
			inputPaths = (
				"${PODS_PODFILE_DIR_PATH}/Podfile.lock",
				"${PODS_ROOT}/Manifest.lock",
			);
			name = "[CP] Check Pods Manifest.lock";
			outputFileListPaths = (
			);
			outputPaths = (
				"$(DERIVED_FILE_DIR)/Pods-ToDoListTests-checkManifestLockResult.txt",
			);
			runOnlyForDeploymentPostprocessing = 0;
			shellPath = /bin/sh;
			shellScript = "diff \"${PODS_PODFILE_DIR_PATH}/Podfile.lock\" \"${PODS_ROOT}/Manifest.lock\" > /dev/null\nif [ $? != 0 ] ; then\n    # print error to STDERR\n    echo \"error: The sandbox is not in sync with the Podfile.lock. Run 'pod install' or update your CocoaPods installation.\" >&2\n    exit 1\nfi\n# This output is used by Xcode 'outputs' to avoid re-running this script phase.\necho \"SUCCESS\" > \"${SCRIPT_OUTPUT_FILE_0}\"\n";
			showEnvVarsInLog = 0;
		};
		3EDA3D92CC321AC4B5C3AE90 /* [CP] Check Pods Manifest.lock */ = {
			isa = PBXShellScriptBuildPhase;
			buildActionMask = 2147483647;
			files = (
			);
			inputFileListPaths = (
			);
			inputPaths = (
				"${PODS_PODFILE_DIR_PATH}/Podfile.lock",
				"${PODS_ROOT}/Manifest.lock",
			);
			name = "[CP] Check Pods Manifest.lock";
			outputFileListPaths = (
			);
			outputPaths = (
				"$(DERIVED_FILE_DIR)/Pods-ToDoList-checkManifestLockResult.txt",
			);
			runOnlyForDeploymentPostprocessing = 0;
			shellPath = /bin/sh;
			shellScript = "diff \"${PODS_PODFILE_DIR_PATH}/Podfile.lock\" \"${PODS_ROOT}/Manifest.lock\" > /dev/null\nif [ $? != 0 ] ; then\n    # print error to STDERR\n    echo \"error: The sandbox is not in sync with the Podfile.lock. Run 'pod install' or update your CocoaPods installation.\" >&2\n    exit 1\nfi\n# This output is used by Xcode 'outputs' to avoid re-running this script phase.\necho \"SUCCESS\" > \"${SCRIPT_OUTPUT_FILE_0}\"\n";
			showEnvVarsInLog = 0;
		};
		A9EA099596AD87FD06E8A275 /* [CP] Embed Pods Frameworks */ = {
			isa = PBXShellScriptBuildPhase;
			buildActionMask = 2147483647;
			files = (
			);
			inputFileListPaths = (
				"${PODS_ROOT}/Target Support Files/Pods-ToDoList-ToDoListUITests/Pods-ToDoList-ToDoListUITests-frameworks-${CONFIGURATION}-input-files.xcfilelist",
			);
			name = "[CP] Embed Pods Frameworks";
			outputFileListPaths = (
				"${PODS_ROOT}/Target Support Files/Pods-ToDoList-ToDoListUITests/Pods-ToDoList-ToDoListUITests-frameworks-${CONFIGURATION}-output-files.xcfilelist",
			);
			runOnlyForDeploymentPostprocessing = 0;
			shellPath = /bin/sh;
			shellScript = "\"${PODS_ROOT}/Target Support Files/Pods-ToDoList-ToDoListUITests/Pods-ToDoList-ToDoListUITests-frameworks.sh\"\n";
			showEnvVarsInLog = 0;
		};
		E12B725A531FE8DBA133C2D9 /* [CP] Embed Pods Frameworks */ = {
			isa = PBXShellScriptBuildPhase;
			buildActionMask = 2147483647;
			files = (
			);
			inputFileListPaths = (
				"${PODS_ROOT}/Target Support Files/Pods-ToDoList/Pods-ToDoList-frameworks-${CONFIGURATION}-input-files.xcfilelist",
			);
			name = "[CP] Embed Pods Frameworks";
			outputFileListPaths = (
				"${PODS_ROOT}/Target Support Files/Pods-ToDoList/Pods-ToDoList-frameworks-${CONFIGURATION}-output-files.xcfilelist",
			);
			runOnlyForDeploymentPostprocessing = 0;
			shellPath = /bin/sh;
			shellScript = "\"${PODS_ROOT}/Target Support Files/Pods-ToDoList/Pods-ToDoList-frameworks.sh\"\n";
			showEnvVarsInLog = 0;
		};
/* End PBXShellScriptBuildPhase section */

/* Begin PBXSourcesBuildPhase section */
		39D09C9C2A3704AE0068A747 /* Sources */ = {
			isa = PBXSourcesBuildPhase;
			buildActionMask = 2147483647;
			files = (
				39E354072A57FD1400DC8879 /* Category .swift in Sources */,
				39D09CA82A3704AE0068A747 /* ListViewController.swift in Sources */,
				39D09CA42A3704AE0068A747 /* AppDelegate.swift in Sources */,
				3992D9F02A4934DB00D8BE5C /* CategoryViewController.swift in Sources */,
				39D09CA62A3704AE0068A747 /* SceneDelegate.swift in Sources */,
				3911D2742A5D4CCE0037B1F2 /* SwipeViewController.swift in Sources */,
				39E354092A57FD8F00DC8879 /* UserList.swift in Sources */,
			);
			runOnlyForDeploymentPostprocessing = 0;
		};
		39D09CB22A3704B00068A747 /* Sources */ = {
			isa = PBXSourcesBuildPhase;
			buildActionMask = 2147483647;
			files = (
				39D09CBB2A3704B00068A747 /* ToDoListTests.swift in Sources */,
			);
			runOnlyForDeploymentPostprocessing = 0;
		};
		39D09CBC2A3704B00068A747 /* Sources */ = {
			isa = PBXSourcesBuildPhase;
			buildActionMask = 2147483647;
			files = (
				39D09CC72A3704B00068A747 /* ToDoListUITestsLaunchTests.swift in Sources */,
				39D09CC52A3704B00068A747 /* ToDoListUITests.swift in Sources */,
			);
			runOnlyForDeploymentPostprocessing = 0;
		};
/* End PBXSourcesBuildPhase section */

/* Begin PBXTargetDependency section */
		39D09CB82A3704B00068A747 /* PBXTargetDependency */ = {
			isa = PBXTargetDependency;
			target = 39D09C9F2A3704AE0068A747 /* ToDoList */;
			targetProxy = 39D09CB72A3704B00068A747 /* PBXContainerItemProxy */;
		};
		39D09CC22A3704B00068A747 /* PBXTargetDependency */ = {
			isa = PBXTargetDependency;
			target = 39D09C9F2A3704AE0068A747 /* ToDoList */;
			targetProxy = 39D09CC12A3704B00068A747 /* PBXContainerItemProxy */;
		};
/* End PBXTargetDependency section */

/* Begin PBXVariantGroup section */
		39D09CA92A3704AE0068A747 /* Main.storyboard */ = {
			isa = PBXVariantGroup;
			children = (
				39D09CAA2A3704AE0068A747 /* Base */,
			);
			name = Main.storyboard;
			sourceTree = "<group>";
		};
		39D09CAE2A3704B00068A747 /* LaunchScreen.storyboard */ = {
			isa = PBXVariantGroup;
			children = (
				39D09CAF2A3704B00068A747 /* Base */,
			);
			name = LaunchScreen.storyboard;
			sourceTree = "<group>";
		};
/* End PBXVariantGroup section */

/* Begin XCBuildConfiguration section */
		39D09CC82A3704B00068A747 /* Debug */ = {
			isa = XCBuildConfiguration;
			buildSettings = {
				ALWAYS_SEARCH_USER_PATHS = NO;
				CLANG_ANALYZER_NONNULL = YES;
				CLANG_ANALYZER_NUMBER_OBJECT_CONVERSION = YES_AGGRESSIVE;
				CLANG_CXX_LANGUAGE_STANDARD = "gnu++20";
				CLANG_ENABLE_MODULES = YES;
				CLANG_ENABLE_OBJC_ARC = YES;
				CLANG_ENABLE_OBJC_WEAK = YES;
				CLANG_WARN_BLOCK_CAPTURE_AUTORELEASING = YES;
				CLANG_WARN_BOOL_CONVERSION = YES;
				CLANG_WARN_COMMA = YES;
				CLANG_WARN_CONSTANT_CONVERSION = YES;
				CLANG_WARN_DEPRECATED_OBJC_IMPLEMENTATIONS = YES;
				CLANG_WARN_DIRECT_OBJC_ISA_USAGE = YES_ERROR;
				CLANG_WARN_DOCUMENTATION_COMMENTS = YES;
				CLANG_WARN_EMPTY_BODY = YES;
				CLANG_WARN_ENUM_CONVERSION = YES;
				CLANG_WARN_INFINITE_RECURSION = YES;
				CLANG_WARN_INT_CONVERSION = YES;
				CLANG_WARN_NON_LITERAL_NULL_CONVERSION = YES;
				CLANG_WARN_OBJC_IMPLICIT_RETAIN_SELF = YES;
				CLANG_WARN_OBJC_LITERAL_CONVERSION = YES;
				CLANG_WARN_OBJC_ROOT_CLASS = YES_ERROR;
				CLANG_WARN_QUOTED_INCLUDE_IN_FRAMEWORK_HEADER = YES;
				CLANG_WARN_RANGE_LOOP_ANALYSIS = YES;
				CLANG_WARN_STRICT_PROTOTYPES = YES;
				CLANG_WARN_SUSPICIOUS_MOVE = YES;
				CLANG_WARN_UNGUARDED_AVAILABILITY = YES_AGGRESSIVE;
				CLANG_WARN_UNREACHABLE_CODE = YES;
				CLANG_WARN__DUPLICATE_METHOD_MATCH = YES;
				COPY_PHASE_STRIP = NO;
				DEBUG_INFORMATION_FORMAT = dwarf;
				ENABLE_STRICT_OBJC_MSGSEND = YES;
				ENABLE_TESTABILITY = YES;
				GCC_C_LANGUAGE_STANDARD = gnu11;
				GCC_DYNAMIC_NO_PIC = NO;
				GCC_NO_COMMON_BLOCKS = YES;
				GCC_OPTIMIZATION_LEVEL = 0;
				GCC_PREPROCESSOR_DEFINITIONS = (
					"DEBUG=1",
					"$(inherited)",
				);
				GCC_WARN_64_TO_32_BIT_CONVERSION = YES;
				GCC_WARN_ABOUT_RETURN_TYPE = YES_ERROR;
				GCC_WARN_UNDECLARED_SELECTOR = YES;
				GCC_WARN_UNINITIALIZED_AUTOS = YES_AGGRESSIVE;
				GCC_WARN_UNUSED_FUNCTION = YES;
				GCC_WARN_UNUSED_VARIABLE = YES;
				IPHONEOS_DEPLOYMENT_TARGET = 16.4;
				MTL_ENABLE_DEBUG_INFO = INCLUDE_SOURCE;
				MTL_FAST_MATH = YES;
				ONLY_ACTIVE_ARCH = YES;
				SDKROOT = iphoneos;
				SWIFT_ACTIVE_COMPILATION_CONDITIONS = DEBUG;
				SWIFT_OPTIMIZATION_LEVEL = "-Onone";
			};
			name = Debug;
		};
		39D09CC92A3704B00068A747 /* Release */ = {
			isa = XCBuildConfiguration;
			buildSettings = {
				ALWAYS_SEARCH_USER_PATHS = NO;
				CLANG_ANALYZER_NONNULL = YES;
				CLANG_ANALYZER_NUMBER_OBJECT_CONVERSION = YES_AGGRESSIVE;
				CLANG_CXX_LANGUAGE_STANDARD = "gnu++20";
				CLANG_ENABLE_MODULES = YES;
				CLANG_ENABLE_OBJC_ARC = YES;
				CLANG_ENABLE_OBJC_WEAK = YES;
				CLANG_WARN_BLOCK_CAPTURE_AUTORELEASING = YES;
				CLANG_WARN_BOOL_CONVERSION = YES;
				CLANG_WARN_COMMA = YES;
				CLANG_WARN_CONSTANT_CONVERSION = YES;
				CLANG_WARN_DEPRECATED_OBJC_IMPLEMENTATIONS = YES;
				CLANG_WARN_DIRECT_OBJC_ISA_USAGE = YES_ERROR;
				CLANG_WARN_DOCUMENTATION_COMMENTS = YES;
				CLANG_WARN_EMPTY_BODY = YES;
				CLANG_WARN_ENUM_CONVERSION = YES;
				CLANG_WARN_INFINITE_RECURSION = YES;
				CLANG_WARN_INT_CONVERSION = YES;
				CLANG_WARN_NON_LITERAL_NULL_CONVERSION = YES;
				CLANG_WARN_OBJC_IMPLICIT_RETAIN_SELF = YES;
				CLANG_WARN_OBJC_LITERAL_CONVERSION = YES;
				CLANG_WARN_OBJC_ROOT_CLASS = YES_ERROR;
				CLANG_WARN_QUOTED_INCLUDE_IN_FRAMEWORK_HEADER = YES;
				CLANG_WARN_RANGE_LOOP_ANALYSIS = YES;
				CLANG_WARN_STRICT_PROTOTYPES = YES;
				CLANG_WARN_SUSPICIOUS_MOVE = YES;
				CLANG_WARN_UNGUARDED_AVAILABILITY = YES_AGGRESSIVE;
				CLANG_WARN_UNREACHABLE_CODE = YES;
				CLANG_WARN__DUPLICATE_METHOD_MATCH = YES;
				COPY_PHASE_STRIP = NO;
				DEBUG_INFORMATION_FORMAT = "dwarf-with-dsym";
				ENABLE_NS_ASSERTIONS = NO;
				ENABLE_STRICT_OBJC_MSGSEND = YES;
				GCC_C_LANGUAGE_STANDARD = gnu11;
				GCC_NO_COMMON_BLOCKS = YES;
				GCC_WARN_64_TO_32_BIT_CONVERSION = YES;
				GCC_WARN_ABOUT_RETURN_TYPE = YES_ERROR;
				GCC_WARN_UNDECLARED_SELECTOR = YES;
				GCC_WARN_UNINITIALIZED_AUTOS = YES_AGGRESSIVE;
				GCC_WARN_UNUSED_FUNCTION = YES;
				GCC_WARN_UNUSED_VARIABLE = YES;
				IPHONEOS_DEPLOYMENT_TARGET = 16.4;
				MTL_ENABLE_DEBUG_INFO = NO;
				MTL_FAST_MATH = YES;
				SDKROOT = iphoneos;
				SWIFT_COMPILATION_MODE = wholemodule;
				SWIFT_OPTIMIZATION_LEVEL = "-O";
				VALIDATE_PRODUCT = YES;
			};
			name = Release;
		};
		39D09CCB2A3704B00068A747 /* Debug */ = {
			isa = XCBuildConfiguration;
			baseConfigurationReference = BBFBAC30D705C091E31F3945 /* Pods-ToDoList.debug.xcconfig */;
			buildSettings = {
				ASSETCATALOG_COMPILER_APPICON_NAME = AppIcon;
				ASSETCATALOG_COMPILER_GLOBAL_ACCENT_COLOR_NAME = AccentColor;
				CODE_SIGN_STYLE = Automatic;
				CURRENT_PROJECT_VERSION = 1;
				DEVELOPMENT_TEAM = 27KRXYPLFN;
				GENERATE_INFOPLIST_FILE = YES;
				INFOPLIST_FILE = ToDoList/Info.plist;
				INFOPLIST_KEY_UIApplicationSupportsIndirectInputEvents = YES;
				INFOPLIST_KEY_UILaunchStoryboardName = LaunchScreen;
				INFOPLIST_KEY_UIMainStoryboardFile = Main;
				INFOPLIST_KEY_UISupportedInterfaceOrientations_iPad = "UIInterfaceOrientationPortrait UIInterfaceOrientationPortraitUpsideDown UIInterfaceOrientationLandscapeLeft UIInterfaceOrientationLandscapeRight";
				INFOPLIST_KEY_UISupportedInterfaceOrientations_iPhone = "UIInterfaceOrientationPortrait UIInterfaceOrientationLandscapeLeft UIInterfaceOrientationLandscapeRight";
				LD_RUNPATH_SEARCH_PATHS = (
					"$(inherited)",
					"@executable_path/Frameworks",
				);
				MARKETING_VERSION = 1.0;
				PRODUCT_BUNDLE_IDENTIFIER = kelvingao.ToDoList;
				PRODUCT_NAME = "$(TARGET_NAME)";
				SWIFT_EMIT_LOC_STRINGS = YES;
				SWIFT_VERSION = 5.0;
				TARGETED_DEVICE_FAMILY = "1,2";
			};
			name = Debug;
		};
		39D09CCC2A3704B00068A747 /* Release */ = {
			isa = XCBuildConfiguration;
			baseConfigurationReference = 1AA7F18F7BC40340A7A6B617 /* Pods-ToDoList.release.xcconfig */;
			buildSettings = {
				ASSETCATALOG_COMPILER_APPICON_NAME = AppIcon;
				ASSETCATALOG_COMPILER_GLOBAL_ACCENT_COLOR_NAME = AccentColor;
				CODE_SIGN_STYLE = Automatic;
				CURRENT_PROJECT_VERSION = 1;
				DEVELOPMENT_TEAM = 27KRXYPLFN;
				GENERATE_INFOPLIST_FILE = YES;
				INFOPLIST_FILE = ToDoList/Info.plist;
				INFOPLIST_KEY_UIApplicationSupportsIndirectInputEvents = YES;
				INFOPLIST_KEY_UILaunchStoryboardName = LaunchScreen;
				INFOPLIST_KEY_UIMainStoryboardFile = Main;
				INFOPLIST_KEY_UISupportedInterfaceOrientations_iPad = "UIInterfaceOrientationPortrait UIInterfaceOrientationPortraitUpsideDown UIInterfaceOrientationLandscapeLeft UIInterfaceOrientationLandscapeRight";
				INFOPLIST_KEY_UISupportedInterfaceOrientations_iPhone = "UIInterfaceOrientationPortrait UIInterfaceOrientationLandscapeLeft UIInterfaceOrientationLandscapeRight";
				LD_RUNPATH_SEARCH_PATHS = (
					"$(inherited)",
					"@executable_path/Frameworks",
				);
				MARKETING_VERSION = 1.0;
				PRODUCT_BUNDLE_IDENTIFIER = kelvingao.ToDoList;
				PRODUCT_NAME = "$(TARGET_NAME)";
				SWIFT_EMIT_LOC_STRINGS = YES;
				SWIFT_VERSION = 5.0;
				TARGETED_DEVICE_FAMILY = "1,2";
			};
			name = Release;
		};
		39D09CCE2A3704B00068A747 /* Debug */ = {
			isa = XCBuildConfiguration;
			baseConfigurationReference = 81698AF3E5D36B03A08673E8 /* Pods-ToDoListTests.debug.xcconfig */;
			buildSettings = {
				ALWAYS_EMBED_SWIFT_STANDARD_LIBRARIES = YES;
				BUNDLE_LOADER = "$(TEST_HOST)";
				CODE_SIGN_STYLE = Automatic;
				CURRENT_PROJECT_VERSION = 1;
				DEVELOPMENT_TEAM = 27KRXYPLFN;
				GENERATE_INFOPLIST_FILE = YES;
				IPHONEOS_DEPLOYMENT_TARGET = 16.4;
				MARKETING_VERSION = 1.0;
				PRODUCT_BUNDLE_IDENTIFIER = kelvingao.ToDoListTests;
				PRODUCT_NAME = "$(TARGET_NAME)";
				SWIFT_EMIT_LOC_STRINGS = NO;
				SWIFT_VERSION = 5.0;
				TARGETED_DEVICE_FAMILY = "1,2";
				TEST_HOST = "$(BUILT_PRODUCTS_DIR)/ToDoList.app/$(BUNDLE_EXECUTABLE_FOLDER_PATH)/ToDoList";
			};
			name = Debug;
		};
		39D09CCF2A3704B00068A747 /* Release */ = {
			isa = XCBuildConfiguration;
			baseConfigurationReference = B815304057C7F12D9FFFAB2B /* Pods-ToDoListTests.release.xcconfig */;
			buildSettings = {
				ALWAYS_EMBED_SWIFT_STANDARD_LIBRARIES = YES;
				BUNDLE_LOADER = "$(TEST_HOST)";
				CODE_SIGN_STYLE = Automatic;
				CURRENT_PROJECT_VERSION = 1;
				DEVELOPMENT_TEAM = 27KRXYPLFN;
				GENERATE_INFOPLIST_FILE = YES;
				IPHONEOS_DEPLOYMENT_TARGET = 16.4;
				MARKETING_VERSION = 1.0;
				PRODUCT_BUNDLE_IDENTIFIER = kelvingao.ToDoListTests;
				PRODUCT_NAME = "$(TARGET_NAME)";
				SWIFT_EMIT_LOC_STRINGS = NO;
				SWIFT_VERSION = 5.0;
				TARGETED_DEVICE_FAMILY = "1,2";
				TEST_HOST = "$(BUILT_PRODUCTS_DIR)/ToDoList.app/$(BUNDLE_EXECUTABLE_FOLDER_PATH)/ToDoList";
			};
			name = Release;
		};
		39D09CD12A3704B00068A747 /* Debug */ = {
			isa = XCBuildConfiguration;
			baseConfigurationReference = FA72B4E9D5C9B84E9CA36386 /* Pods-ToDoList-ToDoListUITests.debug.xcconfig */;
			buildSettings = {
				ALWAYS_EMBED_SWIFT_STANDARD_LIBRARIES = YES;
				CODE_SIGN_STYLE = Automatic;
				CURRENT_PROJECT_VERSION = 1;
				DEVELOPMENT_TEAM = 27KRXYPLFN;
				GENERATE_INFOPLIST_FILE = YES;
				MARKETING_VERSION = 1.0;
				PRODUCT_BUNDLE_IDENTIFIER = kelvingao.ToDoListUITests;
				PRODUCT_NAME = "$(TARGET_NAME)";
				SWIFT_EMIT_LOC_STRINGS = NO;
				SWIFT_VERSION = 5.0;
				TARGETED_DEVICE_FAMILY = "1,2";
				TEST_TARGET_NAME = ToDoList;
			};
			name = Debug;
		};
		39D09CD22A3704B00068A747 /* Release */ = {
			isa = XCBuildConfiguration;
			baseConfigurationReference = 0ED18214B133025235BDF76F /* Pods-ToDoList-ToDoListUITests.release.xcconfig */;
			buildSettings = {
				ALWAYS_EMBED_SWIFT_STANDARD_LIBRARIES = YES;
				CODE_SIGN_STYLE = Automatic;
				CURRENT_PROJECT_VERSION = 1;
				DEVELOPMENT_TEAM = 27KRXYPLFN;
				GENERATE_INFOPLIST_FILE = YES;
				MARKETING_VERSION = 1.0;
				PRODUCT_BUNDLE_IDENTIFIER = kelvingao.ToDoListUITests;
				PRODUCT_NAME = "$(TARGET_NAME)";
				SWIFT_EMIT_LOC_STRINGS = NO;
				SWIFT_VERSION = 5.0;
				TARGETED_DEVICE_FAMILY = "1,2";
				TEST_TARGET_NAME = ToDoList;
			};
			name = Release;
		};
/* End XCBuildConfiguration section */

/* Begin XCConfigurationList section */
		39D09C9B2A3704AE0068A747 /* Build configuration list for PBXProject "ToDoList" */ = {
			isa = XCConfigurationList;
			buildConfigurations = (
				39D09CC82A3704B00068A747 /* Debug */,
				39D09CC92A3704B00068A747 /* Release */,
			);
			defaultConfigurationIsVisible = 0;
			defaultConfigurationName = Release;
		};
		39D09CCA2A3704B00068A747 /* Build configuration list for PBXNativeTarget "ToDoList" */ = {
			isa = XCConfigurationList;
			buildConfigurations = (
				39D09CCB2A3704B00068A747 /* Debug */,
				39D09CCC2A3704B00068A747 /* Release */,
			);
			defaultConfigurationIsVisible = 0;
			defaultConfigurationName = Release;
		};
		39D09CCD2A3704B00068A747 /* Build configuration list for PBXNativeTarget "ToDoListTests" */ = {
			isa = XCConfigurationList;
			buildConfigurations = (
				39D09CCE2A3704B00068A747 /* Debug */,
				39D09CCF2A3704B00068A747 /* Release */,
			);
			defaultConfigurationIsVisible = 0;
			defaultConfigurationName = Release;
		};
		39D09CD02A3704B00068A747 /* Build configuration list for PBXNativeTarget "ToDoListUITests" */ = {
			isa = XCConfigurationList;
			buildConfigurations = (
				39D09CD12A3704B00068A747 /* Debug */,
				39D09CD22A3704B00068A747 /* Release */,
			);
			defaultConfigurationIsVisible = 0;
			defaultConfigurationName = Release;
		};
/* End XCConfigurationList section */
	};
	rootObject = 39D09C982A3704AE0068A747 /* Project object */;
}
